// !$*UTF8*$!
{
	archiveVersion = 1;
	classes = {
	};
	objectVersion = 46;
	objects = {

/* Begin PBXGroup section */
		AA31573E1500879B00BCFE91 = {
			isa = PBXGroup;
			children = (
			);
			sourceTree = "<group>";
		};
/* End PBXGroup section */

/* Begin PBXProject section */
		AA3157401500879B00BCFE91 /* Project object */ = {
			isa = PBXProject;
			attributes = {
				LastUpgradeCheck = 0420;
				ORGANIZATIONNAME = "jhjhjh1343@gmail.com";
			};
			buildConfigurationList = AA3157431500879B00BCFE91 /* Build configuration list for PBXProject "nodejs" */;
			compatibilityVersion = "Xcode 3.2";
			developmentRegion = English;
			hasScannedForEncodings = 0;
			knownRegions = (
				en,
			);
			mainGroup = AA31573E1500879B00BCFE91;
			projectDirPath = "";
			projectRoot = "";
			targets = (
			);
		};
/* End PBXProject section */

/* Begin XCBuildConfiguration section */
		AA3157451500879B00BCFE91 /* Debug */ = {
			isa = XCBuildConfiguration;
			buildSettings = {
			};
			name = Debug;
		};
		AA3157461500879B00BCFE91 /* Release */ = {
			isa = XCBuildConfiguration;
			buildSettings = {
			};
			name = Release;
		};
/* End XCBuildConfiguration section */

/* Begin XCConfigurationList section */
		AA3157431500879B00BCFE91 /* Build configuration list for PBXProject "nodejs" */ = {
			isa = XCConfigurationList;
			buildConfigurations = (
				AA3157451500879B00BCFE91 /* Debug */,
				AA3157461500879B00BCFE91 /* Release */,
			);
			defaultConfigurationIsVisible = 0;
			defaultConfigurationName = Release;
		};
/* End XCConfigurationList section */
	};
	rootObject = AA3157401500879B00BCFE91 /* Project object */;
}
